
Microsoft Visual Studio Solution File, Format Version 12.00
# Visual Studio Version 16
VisualStudioVersion = 16.0.31911.196
MinimumVisualStudioVersion = 10.0.40219.1
Project("{9A19103F-16F7-4668-BE54-9A1E7A4F7556}") = "AoC2", "AoC2\AoC2.csproj", "{EF1A71DB-8A95-4D38-AFE2-F815B3D4714B}"
EndProject
Project("{9A19103F-16F7-4668-BE54-9A1E7A4F7556}") = "AoC01", "AoC1\AoC01.csproj", "{F3253437-051A-481E-B1F6-B02CDBF99BFA}"
EndProject
Project("{9A19103F-16F7-4668-BE54-9A1E7A4F7556}") = "AoC3", "AoC3\AoC3.csproj", "{A3CF47E2-ABEF-442F-94E1-5B0EB1675D06}"
EndProject
Project("{9A19103F-16F7-4668-BE54-9A1E7A4F7556}") = "AoC5", "AoC5\AoC5.csproj", "{4A9E3C99-4800-4E6B-A23E-DB234B2744E7}"
EndProject
Project("{9A19103F-16F7-4668-BE54-9A1E7A4F7556}") = "AoC5.Test", "AoC5.Test\AoC5.Test.csproj", "{2021EBEB-5CC8-463F-A49B-9756959F79E2}"
EndProject
Project("{9A19103F-16F7-4668-BE54-9A1E7A4F7556}") = "AoC3.Test", "AoC3.Test\AoC3.Test.csproj", "{24D1F23E-71FE-4952-914D-C484A43F2072}"
EndProject
Project("{9A19103F-16F7-4668-BE54-9A1E7A4F7556}") = "Utils", "Utils\Utils.csproj", "{B2EC0393-EDAB-4C64-BFB6-9D9D33955DF4}"
EndProject
Project("{9A19103F-16F7-4668-BE54-9A1E7A4F7556}") = "AoC6.Test", "AoC6.Test\AoC6.Test.csproj", "{9D31227C-CADC-4B76-9320-C50EB1D472BD}"
EndProject
Project("{9A19103F-16F7-4668-BE54-9A1E7A4F7556}") = "AoC6", "AoC6\AoC6.csproj", "{2BF642D0-B39D-446B-876B-A119E89F1B11}"
EndProject
Project("{9A19103F-16F7-4668-BE54-9A1E7A4F7556}") = "AoC4", "AoC4\AoC4.csproj", "{91C34E3F-9A23-48AA-B1C3-D0EDB90ABEBA}"
EndProject
Project("{9A19103F-16F7-4668-BE54-9A1E7A4F7556}") = "AoC4.Test", "AoC4.Test\AoC4.Test.csproj", "{D061C90F-9444-4776-B18E-8FB661690730}"
EndProject
Project("{9A19103F-16F7-4668-BE54-9A1E7A4F7556}") = "AoC7.test", "AoC7.test\AoC7.test.csproj", "{CD7E363A-A276-438C-997E-73D5222691DA}"
EndProject
Project("{9A19103F-16F7-4668-BE54-9A1E7A4F7556}") = "AoC7", "AoC7\AoC7.csproj", "{9B0EF727-C338-4661-8FBB-833A948B787F}"
EndProject
Project("{9A19103F-16F7-4668-BE54-9A1E7A4F7556}") = "AoC8", "AoC8\AoC8.csproj", "{7658F0EC-A6A2-4428-B9F0-5DD4E64962B3}"
EndProject
Project("{9A19103F-16F7-4668-BE54-9A1E7A4F7556}") = "AoC9", "AoC9\AoC9.csproj", "{997758FC-111B-4C1A-AF74-66D4E1E81722}"
EndProject
Project("{2150E333-8FDC-42A3-9474-1A3956D46DE8}") = "Solution Items", "Solution Items", "{B8A8A34C-1184-4883-A858-D016BB09BDB2}"
	ProjectSection(SolutionItems) = preProject
		.editorconfig = .editorconfig
	EndProjectSection
EndProject
Project("{9A19103F-16F7-4668-BE54-9A1E7A4F7556}") = "AoC10", "AoC10\AoC10.csproj", "{F0C3AA81-676A-4BD7-9DA4-1B1A9A962340}"
EndProject
Project("{9A19103F-16F7-4668-BE54-9A1E7A4F7556}") = "AoC11", "AoC11\AoC11.csproj", "{ABD053CD-40A1-403A-BA24-FE24342BD882}"
EndProject
Project("{9A19103F-16F7-4668-BE54-9A1E7A4F7556}") = "AoC12", "AoC12\AoC12.csproj", "{E200DA8F-72E7-4AB5-8FA0-5A312800CEEB}"
EndProject
Project("{9A19103F-16F7-4668-BE54-9A1E7A4F7556}") = "AoC13", "AoC13\AoC13.csproj", "{023A78B6-A4F4-486B-A433-E74BC0E30421}"
EndProject
Project("{9A19103F-16F7-4668-BE54-9A1E7A4F7556}") = "AoC14", "AoC14\AoC14.csproj", "{2B4C02B7-7FE1-4031-94A2-7A711BF75D19}"
EndProject
Project("{9A19103F-16F7-4668-BE54-9A1E7A4F7556}") = "AoC15", "AoC15\AoC15.csproj", "{81DF4BB5-A28A-4DA0-B695-CD4FA59B1A9E}"
EndProject
Project("{9A19103F-16F7-4668-BE54-9A1E7A4F7556}") = "AoC16", "AoC16\AoC16.csproj", "{8406261A-1831-46F2-A53B-C34FCEB1CA88}"
EndProject
Project("{9A19103F-16F7-4668-BE54-9A1E7A4F7556}") = "AoC18", "AoC18\AoC18.csproj", "{CCDF79FC-0475-4B18-A37C-535B4414350E}"
EndProject
Project("{9A19103F-16F7-4668-BE54-9A1E7A4F7556}") = "AoC19", "AoC19\AoC19.csproj", "{4EDC449F-DE62-4B30-AC1B-BD48738B66BA}"
EndProject
Project("{9A19103F-16F7-4668-BE54-9A1E7A4F7556}") = "AoC20", "AoC20\AoC20.csproj", "{FEDEE659-258F-4ED4-875A-6DB7EBF7D60B}"
EndProject
Project("{9A19103F-16F7-4668-BE54-9A1E7A4F7556}") = "AoC21", "AoC21\AoC21.csproj", "{B1A7A38B-3928-4BF1-975B-2B9E801EB7C6}"
EndProject
Global
	GlobalSection(SolutionConfigurationPlatforms) = preSolution
		Debug|Any CPU = Debug|Any CPU
		Release|Any CPU = Release|Any CPU
	EndGlobalSection
	GlobalSection(ProjectConfigurationPlatforms) = postSolution
		{EF1A71DB-8A95-4D38-AFE2-F815B3D4714B}.Debug|Any CPU.ActiveCfg = Debug|Any CPU
		{EF1A71DB-8A95-4D38-AFE2-F815B3D4714B}.Debug|Any CPU.Build.0 = Debug|Any CPU
		{EF1A71DB-8A95-4D38-AFE2-F815B3D4714B}.Release|Any CPU.ActiveCfg = Release|Any CPU
		{EF1A71DB-8A95-4D38-AFE2-F815B3D4714B}.Release|Any CPU.Build.0 = Release|Any CPU
		{F3253437-051A-481E-B1F6-B02CDBF99BFA}.Debug|Any CPU.ActiveCfg = Debug|Any CPU
		{F3253437-051A-481E-B1F6-B02CDBF99BFA}.Debug|Any CPU.Build.0 = Debug|Any CPU
		{F3253437-051A-481E-B1F6-B02CDBF99BFA}.Release|Any CPU.ActiveCfg = Release|Any CPU
		{F3253437-051A-481E-B1F6-B02CDBF99BFA}.Release|Any CPU.Build.0 = Release|Any CPU
		{A3CF47E2-ABEF-442F-94E1-5B0EB1675D06}.Debug|Any CPU.ActiveCfg = Debug|Any CPU
		{A3CF47E2-ABEF-442F-94E1-5B0EB1675D06}.Debug|Any CPU.Build.0 = Debug|Any CPU
		{A3CF47E2-ABEF-442F-94E1-5B0EB1675D06}.Release|Any CPU.ActiveCfg = Release|Any CPU
		{A3CF47E2-ABEF-442F-94E1-5B0EB1675D06}.Release|Any CPU.Build.0 = Release|Any CPU
		{4A9E3C99-4800-4E6B-A23E-DB234B2744E7}.Debug|Any CPU.ActiveCfg = Debug|Any CPU
		{4A9E3C99-4800-4E6B-A23E-DB234B2744E7}.Debug|Any CPU.Build.0 = Debug|Any CPU
		{4A9E3C99-4800-4E6B-A23E-DB234B2744E7}.Release|Any CPU.ActiveCfg = Release|Any CPU
		{4A9E3C99-4800-4E6B-A23E-DB234B2744E7}.Release|Any CPU.Build.0 = Release|Any CPU
		{2021EBEB-5CC8-463F-A49B-9756959F79E2}.Debug|Any CPU.ActiveCfg = Debug|Any CPU
		{2021EBEB-5CC8-463F-A49B-9756959F79E2}.Debug|Any CPU.Build.0 = Debug|Any CPU
		{2021EBEB-5CC8-463F-A49B-9756959F79E2}.Release|Any CPU.ActiveCfg = Release|Any CPU
		{2021EBEB-5CC8-463F-A49B-9756959F79E2}.Release|Any CPU.Build.0 = Release|Any CPU
		{24D1F23E-71FE-4952-914D-C484A43F2072}.Debug|Any CPU.ActiveCfg = Debug|Any CPU
		{24D1F23E-71FE-4952-914D-C484A43F2072}.Debug|Any CPU.Build.0 = Debug|Any CPU
		{24D1F23E-71FE-4952-914D-C484A43F2072}.Release|Any CPU.ActiveCfg = Release|Any CPU
		{24D1F23E-71FE-4952-914D-C484A43F2072}.Release|Any CPU.Build.0 = Release|Any CPU
		{B2EC0393-EDAB-4C64-BFB6-9D9D33955DF4}.Debug|Any CPU.ActiveCfg = Debug|Any CPU
		{B2EC0393-EDAB-4C64-BFB6-9D9D33955DF4}.Debug|Any CPU.Build.0 = Debug|Any CPU
		{B2EC0393-EDAB-4C64-BFB6-9D9D33955DF4}.Release|Any CPU.ActiveCfg = Release|Any CPU
		{B2EC0393-EDAB-4C64-BFB6-9D9D33955DF4}.Release|Any CPU.Build.0 = Release|Any CPU
		{9D31227C-CADC-4B76-9320-C50EB1D472BD}.Debug|Any CPU.ActiveCfg = Debug|Any CPU
		{9D31227C-CADC-4B76-9320-C50EB1D472BD}.Debug|Any CPU.Build.0 = Debug|Any CPU
		{9D31227C-CADC-4B76-9320-C50EB1D472BD}.Release|Any CPU.ActiveCfg = Release|Any CPU
		{9D31227C-CADC-4B76-9320-C50EB1D472BD}.Release|Any CPU.Build.0 = Release|Any CPU
		{2BF642D0-B39D-446B-876B-A119E89F1B11}.Debug|Any CPU.ActiveCfg = Debug|Any CPU
		{2BF642D0-B39D-446B-876B-A119E89F1B11}.Debug|Any CPU.Build.0 = Debug|Any CPU
		{2BF642D0-B39D-446B-876B-A119E89F1B11}.Release|Any CPU.ActiveCfg = Release|Any CPU
		{2BF642D0-B39D-446B-876B-A119E89F1B11}.Release|Any CPU.Build.0 = Release|Any CPU
		{91C34E3F-9A23-48AA-B1C3-D0EDB90ABEBA}.Debug|Any CPU.ActiveCfg = Debug|Any CPU
		{91C34E3F-9A23-48AA-B1C3-D0EDB90ABEBA}.Debug|Any CPU.Build.0 = Debug|Any CPU
		{91C34E3F-9A23-48AA-B1C3-D0EDB90ABEBA}.Release|Any CPU.ActiveCfg = Release|Any CPU
		{91C34E3F-9A23-48AA-B1C3-D0EDB90ABEBA}.Release|Any CPU.Build.0 = Release|Any CPU
		{D061C90F-9444-4776-B18E-8FB661690730}.Debug|Any CPU.ActiveCfg = Debug|Any CPU
		{D061C90F-9444-4776-B18E-8FB661690730}.Debug|Any CPU.Build.0 = Debug|Any CPU
		{D061C90F-9444-4776-B18E-8FB661690730}.Release|Any CPU.ActiveCfg = Release|Any CPU
		{D061C90F-9444-4776-B18E-8FB661690730}.Release|Any CPU.Build.0 = Release|Any CPU
		{CD7E363A-A276-438C-997E-73D5222691DA}.Debug|Any CPU.ActiveCfg = Debug|Any CPU
		{CD7E363A-A276-438C-997E-73D5222691DA}.Debug|Any CPU.Build.0 = Debug|Any CPU
		{CD7E363A-A276-438C-997E-73D5222691DA}.Release|Any CPU.ActiveCfg = Release|Any CPU
		{CD7E363A-A276-438C-997E-73D5222691DA}.Release|Any CPU.Build.0 = Release|Any CPU
		{9B0EF727-C338-4661-8FBB-833A948B787F}.Debug|Any CPU.ActiveCfg = Debug|Any CPU
		{9B0EF727-C338-4661-8FBB-833A948B787F}.Debug|Any CPU.Build.0 = Debug|Any CPU
		{9B0EF727-C338-4661-8FBB-833A948B787F}.Release|Any CPU.ActiveCfg = Release|Any CPU
		{9B0EF727-C338-4661-8FBB-833A948B787F}.Release|Any CPU.Build.0 = Release|Any CPU
		{7658F0EC-A6A2-4428-B9F0-5DD4E64962B3}.Debug|Any CPU.ActiveCfg = Debug|Any CPU
		{7658F0EC-A6A2-4428-B9F0-5DD4E64962B3}.Debug|Any CPU.Build.0 = Debug|Any CPU
		{7658F0EC-A6A2-4428-B9F0-5DD4E64962B3}.Release|Any CPU.ActiveCfg = Release|Any CPU
		{7658F0EC-A6A2-4428-B9F0-5DD4E64962B3}.Release|Any CPU.Build.0 = Release|Any CPU
		{997758FC-111B-4C1A-AF74-66D4E1E81722}.Debug|Any CPU.ActiveCfg = Debug|Any CPU
		{997758FC-111B-4C1A-AF74-66D4E1E81722}.Debug|Any CPU.Build.0 = Debug|Any CPU
		{997758FC-111B-4C1A-AF74-66D4E1E81722}.Release|Any CPU.ActiveCfg = Release|Any CPU
		{997758FC-111B-4C1A-AF74-66D4E1E81722}.Release|Any CPU.Build.0 = Release|Any CPU
		{F0C3AA81-676A-4BD7-9DA4-1B1A9A962340}.Debug|Any CPU.ActiveCfg = Debug|Any CPU
		{F0C3AA81-676A-4BD7-9DA4-1B1A9A962340}.Debug|Any CPU.Build.0 = Debug|Any CPU
		{F0C3AA81-676A-4BD7-9DA4-1B1A9A962340}.Release|Any CPU.ActiveCfg = Release|Any CPU
		{F0C3AA81-676A-4BD7-9DA4-1B1A9A962340}.Release|Any CPU.Build.0 = Release|Any CPU
		{ABD053CD-40A1-403A-BA24-FE24342BD882}.Debug|Any CPU.ActiveCfg = Debug|Any CPU
		{ABD053CD-40A1-403A-BA24-FE24342BD882}.Debug|Any CPU.Build.0 = Debug|Any CPU
		{ABD053CD-40A1-403A-BA24-FE24342BD882}.Release|Any CPU.ActiveCfg = Release|Any CPU
		{ABD053CD-40A1-403A-BA24-FE24342BD882}.Release|Any CPU.Build.0 = Release|Any CPU
		{E200DA8F-72E7-4AB5-8FA0-5A312800CEEB}.Debug|Any CPU.ActiveCfg = Debug|Any CPU
		{E200DA8F-72E7-4AB5-8FA0-5A312800CEEB}.Debug|Any CPU.Build.0 = Debug|Any CPU
		{E200DA8F-72E7-4AB5-8FA0-5A312800CEEB}.Release|Any CPU.ActiveCfg = Release|Any CPU
		{E200DA8F-72E7-4AB5-8FA0-5A312800CEEB}.Release|Any CPU.Build.0 = Release|Any CPU
		{023A78B6-A4F4-486B-A433-E74BC0E30421}.Debug|Any CPU.ActiveCfg = Debug|Any CPU
		{023A78B6-A4F4-486B-A433-E74BC0E30421}.Debug|Any CPU.Build.0 = Debug|Any CPU
		{023A78B6-A4F4-486B-A433-E74BC0E30421}.Release|Any CPU.ActiveCfg = Release|Any CPU
		{023A78B6-A4F4-486B-A433-E74BC0E30421}.Release|Any CPU.Build.0 = Release|Any CPU
		{2B4C02B7-7FE1-4031-94A2-7A711BF75D19}.Debug|Any CPU.ActiveCfg = Debug|Any CPU
		{2B4C02B7-7FE1-4031-94A2-7A711BF75D19}.Debug|Any CPU.Build.0 = Debug|Any CPU
		{2B4C02B7-7FE1-4031-94A2-7A711BF75D19}.Release|Any CPU.ActiveCfg = Release|Any CPU
		{2B4C02B7-7FE1-4031-94A2-7A711BF75D19}.Release|Any CPU.Build.0 = Release|Any CPU
		{81DF4BB5-A28A-4DA0-B695-CD4FA59B1A9E}.Debug|Any CPU.ActiveCfg = Debug|Any CPU
		{81DF4BB5-A28A-4DA0-B695-CD4FA59B1A9E}.Debug|Any CPU.Build.0 = Debug|Any CPU
		{81DF4BB5-A28A-4DA0-B695-CD4FA59B1A9E}.Release|Any CPU.ActiveCfg = Release|Any CPU
		{81DF4BB5-A28A-4DA0-B695-CD4FA59B1A9E}.Release|Any CPU.Build.0 = Release|Any CPU
		{8406261A-1831-46F2-A53B-C34FCEB1CA88}.Debug|Any CPU.ActiveCfg = Debug|Any CPU
		{8406261A-1831-46F2-A53B-C34FCEB1CA88}.Debug|Any CPU.Build.0 = Debug|Any CPU
		{8406261A-1831-46F2-A53B-C34FCEB1CA88}.Release|Any CPU.ActiveCfg = Release|Any CPU
		{8406261A-1831-46F2-A53B-C34FCEB1CA88}.Release|Any CPU.Build.0 = Release|Any CPU
		{CCDF79FC-0475-4B18-A37C-535B4414350E}.Debug|Any CPU.ActiveCfg = Debug|Any CPU
		{CCDF79FC-0475-4B18-A37C-535B4414350E}.Debug|Any CPU.Build.0 = Debug|Any CPU
		{CCDF79FC-0475-4B18-A37C-535B4414350E}.Release|Any CPU.ActiveCfg = Release|Any CPU
		{CCDF79FC-0475-4B18-A37C-535B4414350E}.Release|Any CPU.Build.0 = Release|Any CPU
		{4EDC449F-DE62-4B30-AC1B-BD48738B66BA}.Debug|Any CPU.ActiveCfg = Debug|Any CPU
		{4EDC449F-DE62-4B30-AC1B-BD48738B66BA}.Debug|Any CPU.Build.0 = Debug|Any CPU
		{4EDC449F-DE62-4B30-AC1B-BD48738B66BA}.Release|Any CPU.ActiveCfg = Release|Any CPU
		{4EDC449F-DE62-4B30-AC1B-BD48738B66BA}.Release|Any CPU.Build.0 = Release|Any CPU
		{FEDEE659-258F-4ED4-875A-6DB7EBF7D60B}.Debug|Any CPU.ActiveCfg = Debug|Any CPU
		{FEDEE659-258F-4ED4-875A-6DB7EBF7D60B}.Debug|Any CPU.Build.0 = Debug|Any CPU
		{FEDEE659-258F-4ED4-875A-6DB7EBF7D60B}.Release|Any CPU.ActiveCfg = Release|Any CPU
		{FEDEE659-258F-4ED4-875A-6DB7EBF7D60B}.Release|Any CPU.Build.0 = Release|Any CPU
		{B1A7A38B-3928-4BF1-975B-2B9E801EB7C6}.Debug|Any CPU.ActiveCfg = Debug|Any CPU
		{B1A7A38B-3928-4BF1-975B-2B9E801EB7C6}.Debug|Any CPU.Build.0 = Debug|Any CPU
		{B1A7A38B-3928-4BF1-975B-2B9E801EB7C6}.Release|Any CPU.ActiveCfg = Release|Any CPU
		{B1A7A38B-3928-4BF1-975B-2B9E801EB7C6}.Release|Any CPU.Build.0 = Release|Any CPU
	EndGlobalSection
	GlobalSection(SolutionProperties) = preSolution
		HideSolutionNode = FALSE
	EndGlobalSection
	GlobalSection(NestedProjects) = preSolution
		{ABD053CD-40A1-403A-BA24-FE24342BD882} = {B8A8A34C-1184-4883-A858-D016BB09BDB2}
	EndGlobalSection
	GlobalSection(ExtensibilityGlobals) = postSolution
		SolutionGuid = {A77D0B2A-5638-4508-B983-83AB9C51C81E}
	EndGlobalSection
EndGlobal
